
Microsoft Visual Studio Solution File, Format Version 12.00
# Visual Studio 15
VisualStudioVersion = 15.0.28010.2050
MinimumVisualStudioVersion = 10.0.40219.1
Project("{FAE04EC0-301F-11D3-BF4B-00C04F79EFBC}") = "Final", "Final\Final.csproj", "{60C81D77-3AFA-4D1A-8B5A-68AAB41B48DA}"
EndProject
Global
	GlobalSection(SolutionConfigurationPlatforms) = preSolution
		Debug|Any CPU = Debug|Any CPU
		Release|Any CPU = Release|Any CPU
	EndGlobalSection
	GlobalSection(ProjectConfigurationPlatforms) = postSolution
		{60C81D77-3AFA-4D1A-8B5A-68AAB41B48DA}.Debug|Any CPU.ActiveCfg = Debug|Any CPU
		{60C81D77-3AFA-4D1A-8B5A-68AAB41B48DA}.Debug|Any CPU.Build.0 = Debug|Any CPU
		{60C81D77-3AFA-4D1A-8B5A-68AAB41B48DA}.Release|Any CPU.ActiveCfg = Release|Any CPU
		{60C81D77-3AFA-4D1A-8B5A-68AAB41B48DA}.Release|Any CPU.Build.0 = Release|Any CPU
	EndGlobalSection
	GlobalSection(SolutionProperties) = preSolution
		HideSolutionNode = FALSE
	EndGlobalSection
	GlobalSection(ExtensibilityGlobals) = postSolution
		SolutionGuid = {CD80EBBD-AFA5-4DF9-86FB-C90956B49E59}
	EndGlobalSection
EndGlobal
